{
  "name": "HearthstoneCardScore",
  "lockfileVersion": 2,
  "requires": true,
  "packages": {
    "": {
      "dependencies": {
        "@vant/weapp": "^1.10.0"
      }
    },
    "node_modules/@vant/weapp": {
      "version": "1.10.0",
      "resolved": "https://dev365.keytop.cn/nexus/repository/npm-group/@vant/weapp/-/weapp-1.10.0.tgz",
      "integrity": "sha512-cNW2U98GlYwh8t4loEASyvukITlPohJM9HkAF8/dRSJrKm2689nqE8eeASFkWADdhqayGvy08cWoJhqMNh6ZXA==",
      "license": "MIT"
    }
  },
  "dependencies": {
    "@vant/weapp": {
      "version": "1.10.0",
      "resolved": "https://dev365.keytop.cn/nexus/repository/npm-group/@vant/weapp/-/weapp-1.10.0.tgz",
      "integrity": "sha512-cNW2U98GlYwh8t4loEASyvukITlPohJM9HkAF8/dRSJrKm2689nqE8eeASFkWADdhqayGvy08cWoJhqMNh6ZXA=="
    }
  }
}
